// !$*UTF8*$!
{
	archiveVersion = 1;
	classes = {
	};
	objectVersion = 55;
	objects = {

/* Begin PBXBuildFile section */
		B616FAA5289B232F004E4A41 /* OverlayView.swift in Sources */ = {isa = PBXBuildFile; fileRef = B616FAA4289B232F004E4A41 /* OverlayView.swift */; };
		B64199ED288A71300064AF5B /* enchanted_golden_apple.gif in Resources */ = {isa = PBXBuildFile; fileRef = B64199EC288A71300064AF5B /* enchanted_golden_apple.gif */; };
		B64199EF288A72C10064AF5B /* summon_wither.gif in Resources */ = {isa = PBXBuildFile; fileRef = B64199EE288A72C10064AF5B /* summon_wither.gif */; };
		B64199F1288A73830064AF5B /* enchant_item.gif in Resources */ = {isa = PBXBuildFile; fileRef = B64199F0288A73830064AF5B /* enchant_item.gif */; };
		B64827282889C74B00B44855 /* QLImage.swift in Sources */ = {isa = PBXBuildFile; fileRef = B64827272889C74B00B44855 /* QLImage.swift */; };
		B648272A2889CB7200B44855 /* TrackingSettingsView.swift in Sources */ = {isa = PBXBuildFile; fileRef = B64827292889CB7100B44855 /* TrackingSettingsView.swift */; };
		B648272E2889CD8100B44855 /* AppSettings.swift in Sources */ = {isa = PBXBuildFile; fileRef = B648272D2889CD8100B44855 /* AppSettings.swift */; };
		B65AE1C12886F401006EC138 /* SwiftAAApp.swift in Sources */ = {isa = PBXBuildFile; fileRef = B65AE1C02886F401006EC138 /* SwiftAAApp.swift */; };
		B65AE1C32886F401006EC138 /* AdvPanelView.swift in Sources */ = {isa = PBXBuildFile; fileRef = B65AE1C22886F401006EC138 /* AdvPanelView.swift */; };
		B65AE1D12886F8C1006EC138 /* IndicatorView.swift in Sources */ = {isa = PBXBuildFile; fileRef = B65AE1D02886F8C1006EC138 /* IndicatorView.swift */; };
		B65AE1D42887032F006EC138 /* Advancement.swift in Sources */ = {isa = PBXBuildFile; fileRef = B65AE1D32887032F006EC138 /* Advancement.swift */; };
		B65B074D28AFDD1600E10EC5 /* Updater.swift in Sources */ = {isa = PBXBuildFile; fileRef = B65B074C28AFDD1600E10EC5 /* Updater.swift */; };
		B65B074F28AFE25B00E10EC5 /* UpdateSettingsView.swift in Sources */ = {isa = PBXBuildFile; fileRef = B65B074E28AFE25B00E10EC5 /* UpdateSettingsView.swift */; };
		B65B075128AFF77400E10EC5 /* RawRepresentableExts.swift in Sources */ = {isa = PBXBuildFile; fileRef = B65B075028AFF77400E10EC5 /* RawRepresentableExts.swift */; };
		B66A077028879ED900DC0A2C /* DataHandler.swift in Sources */ = {isa = PBXBuildFile; fileRef = B66A076F28879ED900DC0A2C /* DataHandler.swift */; };
		B66A07722887A2C900DC0A2C /* CriterionView.swift in Sources */ = {isa = PBXBuildFile; fileRef = B66A07712887A2C900DC0A2C /* CriterionView.swift */; };
		B66A07742887A32900DC0A2C /* Criterion.swift in Sources */ = {isa = PBXBuildFile; fileRef = B66A07732887A32900DC0A2C /* Criterion.swift */; };
		B66A077D2887B83400DC0A2C /* Preview Assets.xcassets in Resources */ = {isa = PBXBuildFile; fileRef = B65AE1C72886F404006EC138 /* Preview Assets.xcassets */; };
		B66A077E2887B83900DC0A2C /* Assets.xcassets in Resources */ = {isa = PBXBuildFile; fileRef = B65AE1C42886F404006EC138 /* Assets.xcassets */; };
		B66A077F2887B84000DC0A2C /* Minecraft.otf in Resources */ = {isa = PBXBuildFile; fileRef = B65AE1D6288709F4006EC138 /* Minecraft.otf */; };
		B673A82F288AEF9D00560177 /* ToolbarAlertView.swift in Sources */ = {isa = PBXBuildFile; fileRef = B673A82E288AEF9D00560177 /* ToolbarAlertView.swift */; };
		B673A831288AF27000560177 /* ToolbarAAView.swift in Sources */ = {isa = PBXBuildFile; fileRef = B673A830288AF27000560177 /* ToolbarAAView.swift */; };
		B673A833288B104F00560177 /* ToolbarRefreshView.swift in Sources */ = {isa = PBXBuildFile; fileRef = B673A832288B104F00560177 /* ToolbarRefreshView.swift */; };
		B67424B1288C419100EB8C16 /* InfoPanelView.swift in Sources */ = {isa = PBXBuildFile; fileRef = B67424B0288C419100EB8C16 /* InfoPanelView.swift */; };
		B67424B3288C41E900EB8C16 /* NotesPanelView.swift in Sources */ = {isa = PBXBuildFile; fileRef = B67424B2288C41E900EB8C16 /* NotesPanelView.swift */; };
		B6872FB328AEA9D7003CEA95 /* URLDecoder.swift in Sources */ = {isa = PBXBuildFile; fileRef = B6872FB228AEA9D7003CEA95 /* URLDecoder.swift */; };
		B6872FB528AEAA45003CEA95 /* Player.swift in Sources */ = {isa = PBXBuildFile; fileRef = B6872FB428AEAA45003CEA95 /* Player.swift */; };
		B6872FB728AEB3BA003CEA95 /* ToolbarPlayerHead.swift in Sources */ = {isa = PBXBuildFile; fileRef = B6872FB628AEB3BA003CEA95 /* ToolbarPlayerHead.swift */; };
		B6872FB928AEBEB6003CEA95 /* StatsView.swift in Sources */ = {isa = PBXBuildFile; fileRef = B6872FB828AEBEB6003CEA95 /* StatsView.swift */; };
		B6872FC528AEDA4A003CEA95 /* Stat.swift in Sources */ = {isa = PBXBuildFile; fileRef = B6872FC428AEDA4A003CEA95 /* Stat.swift */; };
		B687E17D28B3E06D002CF5D7 /* Advancements in Resources */ = {isa = PBXBuildFile; fileRef = B687E17C28B3E06C002CF5D7 /* Advancements */; };
		B687E18728B3E457002CF5D7 /* L1_16.swift in Sources */ = {isa = PBXBuildFile; fileRef = B687E18628B3E457002CF5D7 /* L1_16.swift */; };
		B687E18928B3E7F1002CF5D7 /* FrameModifier.swift in Sources */ = {isa = PBXBuildFile; fileRef = B687E18828B3E7F1002CF5D7 /* FrameModifier.swift */; };
		B687E18B28B3E996002CF5D7 /* L1_19.swift in Sources */ = {isa = PBXBuildFile; fileRef = B687E18A28B3E996002CF5D7 /* L1_19.swift */; };
		B687E18D28B48079002CF5D7 /* skulk_sensor.gif in Resources */ = {isa = PBXBuildFile; fileRef = B687E18C28B48079002CF5D7 /* skulk_sensor.gif */; };
		B69EB67928AC08450029B988 /* OverlayCompletedView.swift in Sources */ = {isa = PBXBuildFile; fileRef = B69EB67828AC08450029B988 /* OverlayCompletedView.swift */; };
		B69EB68028AC92860029B988 /* RoundedCornersShape.swift in Sources */ = {isa = PBXBuildFile; fileRef = B69EB67F28AC92860029B988 /* RoundedCornersShape.swift */; };
		B6A5884028AA98D10091990F /* OverlaySettingsView.swift in Sources */ = {isa = PBXBuildFile; fileRef = B6A5883F28AA98D10091990F /* OverlaySettingsView.swift */; };
		B6A772E228888B3600436551 /* ProgressBarView.swift in Sources */ = {isa = PBXBuildFile; fileRef = B6A772E128888B3600436551 /* ProgressBarView.swift */; };
		B6A772E4288892BD00436551 /* GoalPanelView.swift in Sources */ = {isa = PBXBuildFile; fileRef = B6A772E3288892BD00436551 /* GoalPanelView.swift */; };
		B6A772E62888FBA600436551 /* ContentView.swift in Sources */ = {isa = PBXBuildFile; fileRef = B6A772E52888FBA600436551 /* ContentView.swift */; };
		B6A772E82888FCE100436551 /* PotionPanelView.swift in Sources */ = {isa = PBXBuildFile; fileRef = B6A772E72888FCE100436551 /* PotionPanelView.swift */; };
		B6A772F52889949A00436551 /* SettingsView.swift in Sources */ = {isa = PBXBuildFile; fileRef = B6A772F42889949A00436551 /* SettingsView.swift */; };
		B6A772F7288994DE00436551 /* ThemeSettingsView.swift in Sources */ = {isa = PBXBuildFile; fileRef = B6A772F6288994DE00436551 /* ThemeSettingsView.swift */; };
		B6A772FC2889998700436551 /* Statistics.swift in Sources */ = {isa = PBXBuildFile; fileRef = B6A772FB2889998700436551 /* Statistics.swift */; };
		B6A7730028899D3900436551 /* JsonAdvancement.swift in Sources */ = {isa = PBXBuildFile; fileRef = B6A772FF28899D3900436551 /* JsonAdvancement.swift */; };
		B6AAB58028BA831E007B981B /* TransparentView.swift in Sources */ = {isa = PBXBuildFile; fileRef = B6AAB57F28BA831E007B981B /* TransparentView.swift */; };
		B6ABC3D828B8646000E6633D /* DonationView.swift in Sources */ = {isa = PBXBuildFile; fileRef = B6ABC3D728B8646000E6633D /* DonationView.swift */; };
		B6D3065828A2B150004D27E6 /* Localize.swift in Sources */ = {isa = PBXBuildFile; fileRef = B6D3065728A2B150004D27E6 /* Localize.swift */; };
		B6DAEFAF28B1E15100C72D19 /* CachedAsyncImage in Frameworks */ = {isa = PBXBuildFile; productRef = B6DAEFAE28B1E15100C72D19 /* CachedAsyncImage */; };
		B6DAEFB228B1E15F00C72D19 /* Sparkle in Frameworks */ = {isa = PBXBuildFile; productRef = B6DAEFB128B1E15F00C72D19 /* Sparkle */; };
		B6DF1C2E28904F2900044F67 /* SWXMLHash in Frameworks */ = {isa = PBXBuildFile; productRef = B6DF1C2D28904F2900044F67 /* SWXMLHash */; };
		B6E1493128A17F260084A529 /* Localizable.strings in Resources */ = {isa = PBXBuildFile; fileRef = B6E1492F28A17F260084A529 /* Localizable.strings */; };
		B6F1020728902DA300E5A2F6 /* NotesSettingsView.swift in Sources */ = {isa = PBXBuildFile; fileRef = B6F1020628902DA300E5A2F6 /* NotesSettingsView.swift */; };
		B6F92E9D28B739C9000B6D06 /* OverlayShimmerView.swift in Sources */ = {isa = PBXBuildFile; fileRef = B6F92E9C28B739C9000B6D06 /* OverlayShimmerView.swift */; };
		B6FEFED5289991070095CF08 /* Indicator.swift in Sources */ = {isa = PBXBuildFile; fileRef = B6FEFED4289991070095CF08 /* Indicator.swift */; };
		B6FEFEDE289993750095CF08 /* RemoveFocusOnTap.swift in Sources */ = {isa = PBXBuildFile; fileRef = B6FEFEDD289993750095CF08 /* RemoveFocusOnTap.swift */; };
/* End PBXBuildFile section */

/* Begin PBXFileReference section */
		B616FAA4289B232F004E4A41 /* OverlayView.swift */ = {isa = PBXFileReference; lastKnownFileType = sourcecode.swift; path = OverlayView.swift; sourceTree = "<group>"; };
		B64199EC288A71300064AF5B /* enchanted_golden_apple.gif */ = {isa = PBXFileReference; lastKnownFileType = image.gif; path = enchanted_golden_apple.gif; sourceTree = "<group>"; };
		B64199EE288A72C10064AF5B /* summon_wither.gif */ = {isa = PBXFileReference; lastKnownFileType = image.gif; path = summon_wither.gif; sourceTree = "<group>"; };
		B64199F0288A73830064AF5B /* enchant_item.gif */ = {isa = PBXFileReference; lastKnownFileType = image.gif; path = enchant_item.gif; sourceTree = "<group>"; };
		B64827272889C74B00B44855 /* QLImage.swift */ = {isa = PBXFileReference; lastKnownFileType = sourcecode.swift; path = QLImage.swift; sourceTree = "<group>"; };
		B64827292889CB7100B44855 /* TrackingSettingsView.swift */ = {isa = PBXFileReference; lastKnownFileType = sourcecode.swift; path = TrackingSettingsView.swift; sourceTree = "<group>"; };
		B648272D2889CD8100B44855 /* AppSettings.swift */ = {isa = PBXFileReference; lastKnownFileType = sourcecode.swift; path = AppSettings.swift; sourceTree = "<group>"; };
		B65AE1BD2886F401006EC138 /* SwiftAA.app */ = {isa = PBXFileReference; explicitFileType = wrapper.application; includeInIndex = 0; path = SwiftAA.app; sourceTree = BUILT_PRODUCTS_DIR; };
		B65AE1C02886F401006EC138 /* SwiftAAApp.swift */ = {isa = PBXFileReference; lastKnownFileType = sourcecode.swift; path = SwiftAAApp.swift; sourceTree = "<group>"; };
		B65AE1C22886F401006EC138 /* AdvPanelView.swift */ = {isa = PBXFileReference; lastKnownFileType = sourcecode.swift; path = AdvPanelView.swift; sourceTree = "<group>"; };
		B65AE1C42886F404006EC138 /* Assets.xcassets */ = {isa = PBXFileReference; lastKnownFileType = folder.assetcatalog; path = Assets.xcassets; sourceTree = "<group>"; };
		B65AE1C72886F404006EC138 /* Preview Assets.xcassets */ = {isa = PBXFileReference; lastKnownFileType = folder.assetcatalog; path = "Preview Assets.xcassets"; sourceTree = "<group>"; };
		B65AE1C92886F404006EC138 /* SwiftAA.entitlements */ = {isa = PBXFileReference; lastKnownFileType = text.plist.entitlements; path = SwiftAA.entitlements; sourceTree = "<group>"; };
		B65AE1D02886F8C1006EC138 /* IndicatorView.swift */ = {isa = PBXFileReference; lastKnownFileType = sourcecode.swift; path = IndicatorView.swift; sourceTree = "<group>"; };
		B65AE1D32887032F006EC138 /* Advancement.swift */ = {isa = PBXFileReference; lastKnownFileType = sourcecode.swift; path = Advancement.swift; sourceTree = "<group>"; };
		B65AE1D6288709F4006EC138 /* Minecraft.otf */ = {isa = PBXFileReference; lastKnownFileType = file; path = Minecraft.otf; sourceTree = "<group>"; };
		B65AE1D828870B66006EC138 /* Info.plist */ = {isa = PBXFileReference; lastKnownFileType = text.plist.xml; path = Info.plist; sourceTree = "<group>"; };
		B65B074C28AFDD1600E10EC5 /* Updater.swift */ = {isa = PBXFileReference; lastKnownFileType = sourcecode.swift; path = Updater.swift; sourceTree = "<group>"; };
		B65B074E28AFE25B00E10EC5 /* UpdateSettingsView.swift */ = {isa = PBXFileReference; lastKnownFileType = sourcecode.swift; path = UpdateSettingsView.swift; sourceTree = "<group>"; };
		B65B075028AFF77400E10EC5 /* RawRepresentableExts.swift */ = {isa = PBXFileReference; lastKnownFileType = sourcecode.swift; path = RawRepresentableExts.swift; sourceTree = "<group>"; };
		B66A076F28879ED900DC0A2C /* DataHandler.swift */ = {isa = PBXFileReference; lastKnownFileType = sourcecode.swift; path = DataHandler.swift; sourceTree = "<group>"; };
		B66A07712887A2C900DC0A2C /* CriterionView.swift */ = {isa = PBXFileReference; lastKnownFileType = sourcecode.swift; path = CriterionView.swift; sourceTree = "<group>"; };
		B66A07732887A32900DC0A2C /* Criterion.swift */ = {isa = PBXFileReference; lastKnownFileType = sourcecode.swift; path = Criterion.swift; sourceTree = "<group>"; };
		B673A82E288AEF9D00560177 /* ToolbarAlertView.swift */ = {isa = PBXFileReference; lastKnownFileType = sourcecode.swift; path = ToolbarAlertView.swift; sourceTree = "<group>"; };
		B673A830288AF27000560177 /* ToolbarAAView.swift */ = {isa = PBXFileReference; lastKnownFileType = sourcecode.swift; path = ToolbarAAView.swift; sourceTree = "<group>"; };
		B673A832288B104F00560177 /* ToolbarRefreshView.swift */ = {isa = PBXFileReference; lastKnownFileType = sourcecode.swift; path = ToolbarRefreshView.swift; sourceTree = "<group>"; };
		B67424B0288C419100EB8C16 /* InfoPanelView.swift */ = {isa = PBXFileReference; lastKnownFileType = sourcecode.swift; path = InfoPanelView.swift; sourceTree = "<group>"; };
		B67424B2288C41E900EB8C16 /* NotesPanelView.swift */ = {isa = PBXFileReference; lastKnownFileType = sourcecode.swift; path = NotesPanelView.swift; sourceTree = "<group>"; };
		B6872FB228AEA9D7003CEA95 /* URLDecoder.swift */ = {isa = PBXFileReference; lastKnownFileType = sourcecode.swift; path = URLDecoder.swift; sourceTree = "<group>"; };
		B6872FB428AEAA45003CEA95 /* Player.swift */ = {isa = PBXFileReference; lastKnownFileType = sourcecode.swift; path = Player.swift; sourceTree = "<group>"; };
		B6872FB628AEB3BA003CEA95 /* ToolbarPlayerHead.swift */ = {isa = PBXFileReference; lastKnownFileType = sourcecode.swift; path = ToolbarPlayerHead.swift; sourceTree = "<group>"; };
		B6872FB828AEBEB6003CEA95 /* StatsView.swift */ = {isa = PBXFileReference; lastKnownFileType = sourcecode.swift; path = StatsView.swift; sourceTree = "<group>"; };
		B6872FC428AEDA4A003CEA95 /* Stat.swift */ = {isa = PBXFileReference; lastKnownFileType = sourcecode.swift; path = Stat.swift; sourceTree = "<group>"; };
		B687E17C28B3E06C002CF5D7 /* Advancements */ = {isa = PBXFileReference; lastKnownFileType = folder; path = Advancements; sourceTree = "<group>"; };
		B687E18628B3E457002CF5D7 /* L1_16.swift */ = {isa = PBXFileReference; lastKnownFileType = sourcecode.swift; path = L1_16.swift; sourceTree = "<group>"; };
		B687E18828B3E7F1002CF5D7 /* FrameModifier.swift */ = {isa = PBXFileReference; lastKnownFileType = sourcecode.swift; path = FrameModifier.swift; sourceTree = "<group>"; };
		B687E18A28B3E996002CF5D7 /* L1_19.swift */ = {isa = PBXFileReference; lastKnownFileType = sourcecode.swift; path = L1_19.swift; sourceTree = "<group>"; };
		B687E18C28B48079002CF5D7 /* skulk_sensor.gif */ = {isa = PBXFileReference; lastKnownFileType = image.gif; path = skulk_sensor.gif; sourceTree = "<group>"; };
		B69EB67828AC08450029B988 /* OverlayCompletedView.swift */ = {isa = PBXFileReference; lastKnownFileType = sourcecode.swift; path = OverlayCompletedView.swift; sourceTree = "<group>"; };
		B69EB67F28AC92860029B988 /* RoundedCornersShape.swift */ = {isa = PBXFileReference; lastKnownFileType = sourcecode.swift; path = RoundedCornersShape.swift; sourceTree = "<group>"; };
		B6A5883F28AA98D10091990F /* OverlaySettingsView.swift */ = {isa = PBXFileReference; lastKnownFileType = sourcecode.swift; path = OverlaySettingsView.swift; sourceTree = "<group>"; };
		B6A772E128888B3600436551 /* ProgressBarView.swift */ = {isa = PBXFileReference; lastKnownFileType = sourcecode.swift; path = ProgressBarView.swift; sourceTree = "<group>"; };
		B6A772E3288892BD00436551 /* GoalPanelView.swift */ = {isa = PBXFileReference; lastKnownFileType = sourcecode.swift; path = GoalPanelView.swift; sourceTree = "<group>"; };
		B6A772E52888FBA600436551 /* ContentView.swift */ = {isa = PBXFileReference; lastKnownFileType = sourcecode.swift; path = ContentView.swift; sourceTree = "<group>"; };
		B6A772E72888FCE100436551 /* PotionPanelView.swift */ = {isa = PBXFileReference; lastKnownFileType = sourcecode.swift; path = PotionPanelView.swift; sourceTree = "<group>"; };
		B6A772F42889949A00436551 /* SettingsView.swift */ = {isa = PBXFileReference; lastKnownFileType = sourcecode.swift; path = SettingsView.swift; sourceTree = "<group>"; };
		B6A772F6288994DE00436551 /* ThemeSettingsView.swift */ = {isa = PBXFileReference; lastKnownFileType = sourcecode.swift; path = ThemeSettingsView.swift; sourceTree = "<group>"; };
		B6A772FB2889998700436551 /* Statistics.swift */ = {isa = PBXFileReference; lastKnownFileType = sourcecode.swift; path = Statistics.swift; sourceTree = "<group>"; };
		B6A772FF28899D3900436551 /* JsonAdvancement.swift */ = {isa = PBXFileReference; lastKnownFileType = sourcecode.swift; path = JsonAdvancement.swift; sourceTree = "<group>"; };
		B6AAB57F28BA831E007B981B /* TransparentView.swift */ = {isa = PBXFileReference; lastKnownFileType = sourcecode.swift; path = TransparentView.swift; sourceTree = "<group>"; };
		B6ABC3D728B8646000E6633D /* DonationView.swift */ = {isa = PBXFileReference; lastKnownFileType = sourcecode.swift; path = DonationView.swift; sourceTree = "<group>"; };
		B6D3065428A2AD44004D27E6 /* en */ = {isa = PBXFileReference; lastKnownFileType = text.plist.strings; name = en; path = en.lproj/Localizable.strings; sourceTree = "<group>"; };
		B6D3065728A2B150004D27E6 /* Localize.swift */ = {isa = PBXFileReference; lastKnownFileType = sourcecode.swift; path = Localize.swift; sourceTree = "<group>"; };
		B6E1493028A17F260084A529 /* es */ = {isa = PBXFileReference; lastKnownFileType = text.plist.strings; name = es; path = es.lproj/Localizable.strings; sourceTree = "<group>"; };
		B6F1020628902DA300E5A2F6 /* NotesSettingsView.swift */ = {isa = PBXFileReference; lastKnownFileType = sourcecode.swift; path = NotesSettingsView.swift; sourceTree = "<group>"; };
		B6F92E9C28B739C9000B6D06 /* OverlayShimmerView.swift */ = {isa = PBXFileReference; lastKnownFileType = sourcecode.swift; path = OverlayShimmerView.swift; sourceTree = "<group>"; };
		B6FEFED4289991070095CF08 /* Indicator.swift */ = {isa = PBXFileReference; lastKnownFileType = sourcecode.swift; path = Indicator.swift; sourceTree = "<group>"; };
		B6FEFEDD289993750095CF08 /* RemoveFocusOnTap.swift */ = {isa = PBXFileReference; lastKnownFileType = sourcecode.swift; path = RemoveFocusOnTap.swift; sourceTree = "<group>"; };
/* End PBXFileReference section */

/* Begin PBXFrameworksBuildPhase section */
		B65AE1BA2886F401006EC138 /* Frameworks */ = {
			isa = PBXFrameworksBuildPhase;
			buildActionMask = 2147483647;
			files = (
				B6DAEFB228B1E15F00C72D19 /* Sparkle in Frameworks */,
				B6DF1C2E28904F2900044F67 /* SWXMLHash in Frameworks */,
				B6DAEFAF28B1E15100C72D19 /* CachedAsyncImage in Frameworks */,
			);
			runOnlyForDeploymentPostprocessing = 0;
		};
/* End PBXFrameworksBuildPhase section */

/* Begin PBXGroup section */
		B616FAA3289B2314004E4A41 /* Overlay */ = {
			isa = PBXGroup;
			children = (
				B616FAA4289B232F004E4A41 /* OverlayView.swift */,
				B69EB67828AC08450029B988 /* OverlayCompletedView.swift */,
				B6F92E9C28B739C9000B6D06 /* OverlayShimmerView.swift */,
				B6AAB57F28BA831E007B981B /* TransparentView.swift */,
			);
			path = Overlay;
			sourceTree = "<group>";
		};
		B648272B2889CD6F00B44855 /* Settings */ = {
			isa = PBXGroup;
			children = (
				B648272D2889CD8100B44855 /* AppSettings.swift */,
			);
			path = Settings;
			sourceTree = "<group>";
		};
		B65AE1B42886F401006EC138 = {
			isa = PBXGroup;
			children = (
				B65AE1BF2886F401006EC138 /* SwiftAA */,
				B65AE1BE2886F401006EC138 /* Products */,
			);
			sourceTree = "<group>";
		};
		B65AE1BE2886F401006EC138 /* Products */ = {
			isa = PBXGroup;
			children = (
				B65AE1BD2886F401006EC138 /* SwiftAA.app */,
			);
			name = Products;
			sourceTree = "<group>";
		};
		B65AE1BF2886F401006EC138 /* SwiftAA */ = {
			isa = PBXGroup;
			children = (
				B6FEFED9289992FF0095CF08 /* Extensions */,
				B6FEFED6289991760095CF08 /* Models */,
				B6FEFED3289990D40095CF08 /* Protocols */,
				B6FEFED7289991F20095CF08 /* ViewModels */,
				B6FEFEDC2899933D0095CF08 /* ViewModifiers */,
				B65AE1D2288702C6006EC138 /* Views */,
				B65AE1C02886F401006EC138 /* SwiftAAApp.swift */,
				B66A07752887B2A800DC0A2C /* Resources */,
				B65AE1D828870B66006EC138 /* Info.plist */,
				B65AE1C92886F404006EC138 /* SwiftAA.entitlements */,
			);
			path = SwiftAA;
			sourceTree = "<group>";
		};
		B65AE1C62886F404006EC138 /* Preview Content */ = {
			isa = PBXGroup;
			children = (
				B65AE1C72886F404006EC138 /* Preview Assets.xcassets */,
			);
			path = "Preview Content";
			sourceTree = "<group>";
		};
		B65AE1D2288702C6006EC138 /* Views */ = {
			isa = PBXGroup;
			children = (
				B687E17E28B3E37F002CF5D7 /* Versions */,
				B6A772F12889945F00436551 /* Components */,
				B616FAA3289B2314004E4A41 /* Overlay */,
				B6A772F22889947700436551 /* Settings */,
				B673A82D288AEF6500560177 /* Toolbar */,
				B6A772E52888FBA600436551 /* ContentView.swift */,
			);
			path = Views;
			sourceTree = "<group>";
		};
		B65AE1D5288709E5006EC138 /* Fonts */ = {
			isa = PBXGroup;
			children = (
				B65AE1D6288709F4006EC138 /* Minecraft.otf */,
			);
			path = Fonts;
			sourceTree = "<group>";
		};
		B65B074B28AFDCFC00E10EC5 /* Updater */ = {
			isa = PBXGroup;
			children = (
				B65B074C28AFDD1600E10EC5 /* Updater.swift */,
			);
			path = Updater;
			sourceTree = "<group>";
		};
		B66A07752887B2A800DC0A2C /* Resources */ = {
			isa = PBXGroup;
			children = (
				B687E17C28B3E06C002CF5D7 /* Advancements */,
				B65AE1D5288709E5006EC138 /* Fonts */,
				B6A773042889BA3900436551 /* Gifs */,
				B65AE1C62886F404006EC138 /* Preview Content */,
				B65AE1C42886F404006EC138 /* Assets.xcassets */,
				B6E1492F28A17F260084A529 /* Localizable.strings */,
			);
			path = Resources;
			sourceTree = "<group>";
		};
		B66DB3D428A29F47006BE9D9 /* View */ = {
			isa = PBXGroup;
			children = (
				B6FEFEDD289993750095CF08 /* RemoveFocusOnTap.swift */,
				B687E18828B3E7F1002CF5D7 /* FrameModifier.swift */,
			);
			path = View;
			sourceTree = "<group>";
		};
		B673A82D288AEF6500560177 /* Toolbar */ = {
			isa = PBXGroup;
			children = (
				B673A830288AF27000560177 /* ToolbarAAView.swift */,
				B673A82E288AEF9D00560177 /* ToolbarAlertView.swift */,
				B673A832288B104F00560177 /* ToolbarRefreshView.swift */,
				B6872FB628AEB3BA003CEA95 /* ToolbarPlayerHead.swift */,
			);
			path = Toolbar;
			sourceTree = "<group>";
		};
		B6872FB128AEA9BC003CEA95 /* URL */ = {
			isa = PBXGroup;
			children = (
				B6872FB228AEA9D7003CEA95 /* URLDecoder.swift */,
			);
			path = URL;
			sourceTree = "<group>";
		};
		B687E17E28B3E37F002CF5D7 /* Versions */ = {
			isa = PBXGroup;
			children = (
				B687E18628B3E457002CF5D7 /* L1_16.swift */,
				B687E18A28B3E996002CF5D7 /* L1_19.swift */,
			);
			path = Versions;
			sourceTree = "<group>";
		};
		B69EB67D28AC926E0029B988 /* View */ = {
			isa = PBXGroup;
			children = (
				B69EB67F28AC92860029B988 /* RoundedCornersShape.swift */,
			);
			path = View;
			sourceTree = "<group>";
		};
		B6A772F12889945F00436551 /* Components */ = {
			isa = PBXGroup;
			children = (
				B6A773112889BE4800436551 /* Gifs */,
				B6FEFEE3289994B90095CF08 /* Panels */,
				B6FEFEE42899953E0095CF08 /* ProgressBars */,
				B6ABC3D728B8646000E6633D /* DonationView.swift */,
				B65AE1D02886F8C1006EC138 /* IndicatorView.swift */,
				B66A07712887A2C900DC0A2C /* CriterionView.swift */,
				B6872FB828AEBEB6003CEA95 /* StatsView.swift */,
			);
			path = Components;
			sourceTree = "<group>";
		};
		B6A772F22889947700436551 /* Settings */ = {
			isa = PBXGroup;
			children = (
				B6A772F42889949A00436551 /* SettingsView.swift */,
				B64827292889CB7100B44855 /* TrackingSettingsView.swift */,
				B6A772F6288994DE00436551 /* ThemeSettingsView.swift */,
				B6A5883F28AA98D10091990F /* OverlaySettingsView.swift */,
				B6F1020628902DA300E5A2F6 /* NotesSettingsView.swift */,
				B65B074E28AFE25B00E10EC5 /* UpdateSettingsView.swift */,
			);
			path = Settings;
			sourceTree = "<group>";
		};
		B6A772FE28899D2200436551 /* Json */ = {
			isa = PBXGroup;
			children = (
				B6A772FF28899D3900436551 /* JsonAdvancement.swift */,
			);
			path = Json;
			sourceTree = "<group>";
		};
		B6A773042889BA3900436551 /* Gifs */ = {
			isa = PBXGroup;
			children = (
				B64199EC288A71300064AF5B /* enchanted_golden_apple.gif */,
				B64199F0288A73830064AF5B /* enchant_item.gif */,
				B687E18C28B48079002CF5D7 /* skulk_sensor.gif */,
				B64199EE288A72C10064AF5B /* summon_wither.gif */,
			);
			path = Gifs;
			sourceTree = "<group>";
		};
		B6A773112889BE4800436551 /* Gifs */ = {
			isa = PBXGroup;
			children = (
				B64827272889C74B00B44855 /* QLImage.swift */,
			);
			path = Gifs;
			sourceTree = "<group>";
		};
		B6D3065528A2B13F004D27E6 /* Text */ = {
			isa = PBXGroup;
			children = (
				B6D3065728A2B150004D27E6 /* Localize.swift */,
			);
			path = Text;
			sourceTree = "<group>";
		};
		B6FEFED3289990D40095CF08 /* Protocols */ = {
			isa = PBXGroup;
			children = (
				B6FEFED4289991070095CF08 /* Indicator.swift */,
			);
			path = Protocols;
			sourceTree = "<group>";
		};
		B6FEFED6289991760095CF08 /* Models */ = {
			isa = PBXGroup;
			children = (
				B6A772FE28899D2200436551 /* Json */,
				B65AE1D32887032F006EC138 /* Advancement.swift */,
				B66A07732887A32900DC0A2C /* Criterion.swift */,
				B6872FB428AEAA45003CEA95 /* Player.swift */,
				B6A772FB2889998700436551 /* Statistics.swift */,
				B6872FC428AEDA4A003CEA95 /* Stat.swift */,
			);
			path = Models;
			sourceTree = "<group>";
		};
		B6FEFED7289991F20095CF08 /* ViewModels */ = {
			isa = PBXGroup;
			children = (
				B65B074B28AFDCFC00E10EC5 /* Updater */,
				B6FEFED82899926E0095CF08 /* Data */,
				B648272B2889CD6F00B44855 /* Settings */,
			);
			path = ViewModels;
			sourceTree = "<group>";
		};
		B6FEFED82899926E0095CF08 /* Data */ = {
			isa = PBXGroup;
			children = (
				B66A076F28879ED900DC0A2C /* DataHandler.swift */,
			);
			path = Data;
			sourceTree = "<group>";
		};
		B6FEFED9289992FF0095CF08 /* Extensions */ = {
			isa = PBXGroup;
			children = (
				B6872FB128AEA9BC003CEA95 /* URL */,
				B69EB67D28AC926E0029B988 /* View */,
				B6D3065528A2B13F004D27E6 /* Text */,
				B65B075028AFF77400E10EC5 /* RawRepresentableExts.swift */,
			);
			path = Extensions;
			sourceTree = "<group>";
		};
		B6FEFEDC2899933D0095CF08 /* ViewModifiers */ = {
			isa = PBXGroup;
			children = (
				B66DB3D428A29F47006BE9D9 /* View */,
			);
			path = ViewModifiers;
			sourceTree = "<group>";
		};
		B6FEFEE3289994B90095CF08 /* Panels */ = {
			isa = PBXGroup;
			children = (
				B6A772E72888FCE100436551 /* PotionPanelView.swift */,
				B67424B0288C419100EB8C16 /* InfoPanelView.swift */,
				B67424B2288C41E900EB8C16 /* NotesPanelView.swift */,
				B65AE1C22886F401006EC138 /* AdvPanelView.swift */,
				B6A772E3288892BD00436551 /* GoalPanelView.swift */,
			);
			path = Panels;
			sourceTree = "<group>";
		};
		B6FEFEE42899953E0095CF08 /* ProgressBars */ = {
			isa = PBXGroup;
			children = (
				B6A772E128888B3600436551 /* ProgressBarView.swift */,
			);
			path = ProgressBars;
			sourceTree = "<group>";
		};
/* End PBXGroup section */

/* Begin PBXNativeTarget section */
		B65AE1BC2886F401006EC138 /* SwiftAA */ = {
			isa = PBXNativeTarget;
			buildConfigurationList = B65AE1CC2886F404006EC138 /* Build configuration list for PBXNativeTarget "SwiftAA" */;
			buildPhases = (
				B65AE1B92886F401006EC138 /* Sources */,
				B65AE1BA2886F401006EC138 /* Frameworks */,
				B66A07782887B7D400DC0A2C /* Resources */,
			);
			buildRules = (
			);
			dependencies = (
			);
			name = SwiftAA;
			packageProductDependencies = (
				B6DF1C2D28904F2900044F67 /* SWXMLHash */,
				B6DAEFAE28B1E15100C72D19 /* CachedAsyncImage */,
				B6DAEFB128B1E15F00C72D19 /* Sparkle */,
			);
			productName = SwiftAA;
			productReference = B65AE1BD2886F401006EC138 /* SwiftAA.app */;
			productType = "com.apple.product-type.application";
		};
/* End PBXNativeTarget section */

/* Begin PBXProject section */
		B65AE1B52886F401006EC138 /* Project object */ = {
			isa = PBXProject;
			attributes = {
				BuildIndependentTargetsInParallel = 1;
				LastSwiftUpdateCheck = 1340;
				LastUpgradeCheck = 1340;
				TargetAttributes = {
					B65AE1BC2886F401006EC138 = {
						CreatedOnToolsVersion = 13.4.1;
					};
				};
			};
			buildConfigurationList = B65AE1B82886F401006EC138 /* Build configuration list for PBXProject "SwiftAA" */;
			compatibilityVersion = "Xcode 13.0";
			developmentRegion = en;
			hasScannedForEncodings = 0;
			knownRegions = (
				en,
				Base,
				es,
			);
			mainGroup = B65AE1B42886F401006EC138;
			packageReferences = (
				B66A07812887B93100DC0A2C /* XCRemoteSwiftPackageReference "SWXMLHash" */,
				B6DF1C2C28904F2900044F67 /* XCRemoteSwiftPackageReference "SWXMLHash" */,
				B6DAEFAD28B1E15100C72D19 /* XCRemoteSwiftPackageReference "swiftui-cached-async-image" */,
				B6DAEFB028B1E15F00C72D19 /* XCRemoteSwiftPackageReference "Sparkle" */,
			);
			productRefGroup = B65AE1BE2886F401006EC138 /* Products */;
			projectDirPath = "";
			projectRoot = "";
			targets = (
				B65AE1BC2886F401006EC138 /* SwiftAA */,
			);
		};
/* End PBXProject section */

/* Begin PBXResourcesBuildPhase section */
		B66A07782887B7D400DC0A2C /* Resources */ = {
			isa = PBXResourcesBuildPhase;
			buildActionMask = 2147483647;
			files = (
				B687E18D28B48079002CF5D7 /* skulk_sensor.gif in Resources */,
				B6E1493128A17F260084A529 /* Localizable.strings in Resources */,
				B66A077F2887B84000DC0A2C /* Minecraft.otf in Resources */,
				B64199EF288A72C10064AF5B /* summon_wither.gif in Resources */,
				B66A077E2887B83900DC0A2C /* Assets.xcassets in Resources */,
				B64199ED288A71300064AF5B /* enchanted_golden_apple.gif in Resources */,
				B687E17D28B3E06D002CF5D7 /* Advancements in Resources */,
				B64199F1288A73830064AF5B /* enchant_item.gif in Resources */,
				B66A077D2887B83400DC0A2C /* Preview Assets.xcassets in Resources */,
			);
			runOnlyForDeploymentPostprocessing = 0;
		};
/* End PBXResourcesBuildPhase section */

/* Begin PBXSourcesBuildPhase section */
		B65AE1B92886F401006EC138 /* Sources */ = {
			isa = PBXSourcesBuildPhase;
			buildActionMask = 2147483647;
			files = (
				B6872FB728AEB3BA003CEA95 /* ToolbarPlayerHead.swift in Sources */,
				B6A5884028AA98D10091990F /* OverlaySettingsView.swift in Sources */,
				B6FEFEDE289993750095CF08 /* RemoveFocusOnTap.swift in Sources */,
				B6A772FC2889998700436551 /* Statistics.swift in Sources */,
				B65B074F28AFE25B00E10EC5 /* UpdateSettingsView.swift in Sources */,
				B673A82F288AEF9D00560177 /* ToolbarAlertView.swift in Sources */,
				B687E18B28B3E996002CF5D7 /* L1_19.swift in Sources */,
				B66A07742887A32900DC0A2C /* Criterion.swift in Sources */,
				B65AE1C32886F401006EC138 /* AdvPanelView.swift in Sources */,
				B6F1020728902DA300E5A2F6 /* NotesSettingsView.swift in Sources */,
				B687E18728B3E457002CF5D7 /* L1_16.swift in Sources */,
				B6A772F7288994DE00436551 /* ThemeSettingsView.swift in Sources */,
				B69EB68028AC92860029B988 /* RoundedCornersShape.swift in Sources */,
				B67424B3288C41E900EB8C16 /* NotesPanelView.swift in Sources */,
				B616FAA5289B232F004E4A41 /* OverlayView.swift in Sources */,
				B65AE1C12886F401006EC138 /* SwiftAAApp.swift in Sources */,
				B6872FB928AEBEB6003CEA95 /* StatsView.swift in Sources */,
				B673A831288AF27000560177 /* ToolbarAAView.swift in Sources */,
				B6D3065828A2B150004D27E6 /* Localize.swift in Sources */,
				B6F92E9D28B739C9000B6D06 /* OverlayShimmerView.swift in Sources */,
				B65AE1D42887032F006EC138 /* Advancement.swift in Sources */,
				B6872FB528AEAA45003CEA95 /* Player.swift in Sources */,
				B69EB67928AC08450029B988 /* OverlayCompletedView.swift in Sources */,
				B6872FC528AEDA4A003CEA95 /* Stat.swift in Sources */,
				B6AAB58028BA831E007B981B /* TransparentView.swift in Sources */,
				B65B075128AFF77400E10EC5 /* RawRepresentableExts.swift in Sources */,
				B673A833288B104F00560177 /* ToolbarRefreshView.swift in Sources */,
				B648272E2889CD8100B44855 /* AppSettings.swift in Sources */,
				B65AE1D12886F8C1006EC138 /* IndicatorView.swift in Sources */,
				B6FEFED5289991070095CF08 /* Indicator.swift in Sources */,
				B648272A2889CB7200B44855 /* TrackingSettingsView.swift in Sources */,
				B6A772E228888B3600436551 /* ProgressBarView.swift in Sources */,
				B64827282889C74B00B44855 /* QLImage.swift in Sources */,
				B65B074D28AFDD1600E10EC5 /* Updater.swift in Sources */,
				B6A772E62888FBA600436551 /* ContentView.swift in Sources */,
				B66A07722887A2C900DC0A2C /* CriterionView.swift in Sources */,
				B6A772E4288892BD00436551 /* GoalPanelView.swift in Sources */,
				B6ABC3D828B8646000E6633D /* DonationView.swift in Sources */,
				B67424B1288C419100EB8C16 /* InfoPanelView.swift in Sources */,
				B6A772F52889949A00436551 /* SettingsView.swift in Sources */,
				B6A772E82888FCE100436551 /* PotionPanelView.swift in Sources */,
				B66A077028879ED900DC0A2C /* DataHandler.swift in Sources */,
				B687E18928B3E7F1002CF5D7 /* FrameModifier.swift in Sources */,
				B6A7730028899D3900436551 /* JsonAdvancement.swift in Sources */,
				B6872FB328AEA9D7003CEA95 /* URLDecoder.swift in Sources */,
			);
			runOnlyForDeploymentPostprocessing = 0;
		};
/* End PBXSourcesBuildPhase section */

/* Begin PBXVariantGroup section */
		B6E1492F28A17F260084A529 /* Localizable.strings */ = {
			isa = PBXVariantGroup;
			children = (
				B6E1493028A17F260084A529 /* es */,
				B6D3065428A2AD44004D27E6 /* en */,
			);
			name = Localizable.strings;
			sourceTree = "<group>";
		};
/* End PBXVariantGroup section */

/* Begin XCBuildConfiguration section */
		B65AE1CA2886F404006EC138 /* Debug */ = {
			isa = XCBuildConfiguration;
			buildSettings = {
				ALWAYS_SEARCH_USER_PATHS = NO;
				CLANG_ANALYZER_NONNULL = YES;
				CLANG_ANALYZER_NUMBER_OBJECT_CONVERSION = YES_AGGRESSIVE;
				CLANG_CXX_LANGUAGE_STANDARD = "gnu++17";
				CLANG_ENABLE_MODULES = YES;
				CLANG_ENABLE_OBJC_ARC = YES;
				CLANG_ENABLE_OBJC_WEAK = YES;
				CLANG_WARN_BLOCK_CAPTURE_AUTORELEASING = YES;
				CLANG_WARN_BOOL_CONVERSION = YES;
				CLANG_WARN_COMMA = YES;
				CLANG_WARN_CONSTANT_CONVERSION = YES;
				CLANG_WARN_DEPRECATED_OBJC_IMPLEMENTATIONS = YES;
				CLANG_WARN_DIRECT_OBJC_ISA_USAGE = YES_ERROR;
				CLANG_WARN_DOCUMENTATION_COMMENTS = YES;
				CLANG_WARN_EMPTY_BODY = YES;
				CLANG_WARN_ENUM_CONVERSION = YES;
				CLANG_WARN_INFINITE_RECURSION = YES;
				CLANG_WARN_INT_CONVERSION = YES;
				CLANG_WARN_NON_LITERAL_NULL_CONVERSION = YES;
				CLANG_WARN_OBJC_IMPLICIT_RETAIN_SELF = YES;
				CLANG_WARN_OBJC_LITERAL_CONVERSION = YES;
				CLANG_WARN_OBJC_ROOT_CLASS = YES_ERROR;
				CLANG_WARN_QUOTED_INCLUDE_IN_FRAMEWORK_HEADER = YES;
				CLANG_WARN_RANGE_LOOP_ANALYSIS = YES;
				CLANG_WARN_STRICT_PROTOTYPES = YES;
				CLANG_WARN_SUSPICIOUS_MOVE = YES;
				CLANG_WARN_UNGUARDED_AVAILABILITY = YES_AGGRESSIVE;
				CLANG_WARN_UNREACHABLE_CODE = YES;
				CLANG_WARN__DUPLICATE_METHOD_MATCH = YES;
				COPY_PHASE_STRIP = NO;
				DEBUG_INFORMATION_FORMAT = dwarf;
				ENABLE_STRICT_OBJC_MSGSEND = YES;
				ENABLE_TESTABILITY = NO;
				GCC_C_LANGUAGE_STANDARD = gnu11;
				GCC_DYNAMIC_NO_PIC = NO;
				GCC_NO_COMMON_BLOCKS = YES;
				GCC_OPTIMIZATION_LEVEL = 0;
				GCC_PREPROCESSOR_DEFINITIONS = (
					"DEBUG=1",
					"$(inherited)",
				);
				GCC_WARN_64_TO_32_BIT_CONVERSION = YES;
				GCC_WARN_ABOUT_RETURN_TYPE = YES_ERROR;
				GCC_WARN_UNDECLARED_SELECTOR = YES;
				GCC_WARN_UNINITIALIZED_AUTOS = YES_AGGRESSIVE;
				GCC_WARN_UNUSED_FUNCTION = YES;
				GCC_WARN_UNUSED_VARIABLE = YES;
				MACOSX_DEPLOYMENT_TARGET = 12.3;
				MTL_ENABLE_DEBUG_INFO = INCLUDE_SOURCE;
				MTL_FAST_MATH = YES;
				ONLY_ACTIVE_ARCH = YES;
				SDKROOT = macosx;
				SWIFT_ACTIVE_COMPILATION_CONDITIONS = DEBUG;
				SWIFT_EMIT_LOC_STRINGS = YES;
				SWIFT_OPTIMIZATION_LEVEL = "-Onone";
			};
			name = Debug;
		};
		B65AE1CB2886F404006EC138 /* Release */ = {
			isa = XCBuildConfiguration;
			buildSettings = {
				ALWAYS_SEARCH_USER_PATHS = NO;
				CLANG_ANALYZER_NONNULL = YES;
				CLANG_ANALYZER_NUMBER_OBJECT_CONVERSION = YES_AGGRESSIVE;
				CLANG_CXX_LANGUAGE_STANDARD = "gnu++17";
				CLANG_ENABLE_MODULES = YES;
				CLANG_ENABLE_OBJC_ARC = YES;
				CLANG_ENABLE_OBJC_WEAK = YES;
				CLANG_WARN_BLOCK_CAPTURE_AUTORELEASING = YES;
				CLANG_WARN_BOOL_CONVERSION = YES;
				CLANG_WARN_COMMA = YES;
				CLANG_WARN_CONSTANT_CONVERSION = YES;
				CLANG_WARN_DEPRECATED_OBJC_IMPLEMENTATIONS = YES;
				CLANG_WARN_DIRECT_OBJC_ISA_USAGE = YES_ERROR;
				CLANG_WARN_DOCUMENTATION_COMMENTS = YES;
				CLANG_WARN_EMPTY_BODY = YES;
				CLANG_WARN_ENUM_CONVERSION = YES;
				CLANG_WARN_INFINITE_RECURSION = YES;
				CLANG_WARN_INT_CONVERSION = YES;
				CLANG_WARN_NON_LITERAL_NULL_CONVERSION = YES;
				CLANG_WARN_OBJC_IMPLICIT_RETAIN_SELF = YES;
				CLANG_WARN_OBJC_LITERAL_CONVERSION = YES;
				CLANG_WARN_OBJC_ROOT_CLASS = YES_ERROR;
				CLANG_WARN_QUOTED_INCLUDE_IN_FRAMEWORK_HEADER = YES;
				CLANG_WARN_RANGE_LOOP_ANALYSIS = YES;
				CLANG_WARN_STRICT_PROTOTYPES = YES;
				CLANG_WARN_SUSPICIOUS_MOVE = YES;
				CLANG_WARN_UNGUARDED_AVAILABILITY = YES_AGGRESSIVE;
				CLANG_WARN_UNREACHABLE_CODE = YES;
				CLANG_WARN__DUPLICATE_METHOD_MATCH = YES;
				COPY_PHASE_STRIP = NO;
				DEBUG_INFORMATION_FORMAT = "dwarf-with-dsym";
				ENABLE_NS_ASSERTIONS = NO;
				ENABLE_STRICT_OBJC_MSGSEND = YES;
				GCC_C_LANGUAGE_STANDARD = gnu11;
				GCC_NO_COMMON_BLOCKS = YES;
				GCC_WARN_64_TO_32_BIT_CONVERSION = YES;
				GCC_WARN_ABOUT_RETURN_TYPE = YES_ERROR;
				GCC_WARN_UNDECLARED_SELECTOR = YES;
				GCC_WARN_UNINITIALIZED_AUTOS = YES_AGGRESSIVE;
				GCC_WARN_UNUSED_FUNCTION = YES;
				GCC_WARN_UNUSED_VARIABLE = YES;
				MACOSX_DEPLOYMENT_TARGET = 12.3;
				MTL_ENABLE_DEBUG_INFO = NO;
				MTL_FAST_MATH = YES;
				SDKROOT = macosx;
				SWIFT_COMPILATION_MODE = wholemodule;
				SWIFT_EMIT_LOC_STRINGS = YES;
				SWIFT_OPTIMIZATION_LEVEL = "-O";
			};
			name = Release;
		};
		B65AE1CD2886F404006EC138 /* Debug */ = {
			isa = XCBuildConfiguration;
			buildSettings = {
				ASSETCATALOG_COMPILER_APPICON_NAME = AppIcon;
				ASSETCATALOG_COMPILER_GLOBAL_ACCENT_COLOR_NAME = AccentColor;
				CODE_SIGN_ENTITLEMENTS = SwiftAA/SwiftAA.entitlements;
				CODE_SIGN_IDENTITY = "Apple Development";
				CODE_SIGN_STYLE = Automatic;
				COMBINE_HIDPI_IMAGES = YES;
				CURRENT_PROJECT_VERSION = 1.0.1;
				DEVELOPMENT_ASSET_PATHS = "\"SwiftAA/Resources/Preview Content\"";
				DEVELOPMENT_TEAM = D64G2TTYWM;
				ENABLE_HARDENED_RUNTIME = YES;
				ENABLE_PREVIEWS = YES;
				GENERATE_INFOPLIST_FILE = YES;
				INFOPLIST_FILE = SwiftAA/Info.plist;
				INFOPLIST_KEY_LSApplicationCategoryType = "public.app-category.utilities";
				INFOPLIST_KEY_NSHumanReadableCopyright = "© 2022 KIHRON, SLACKOW";
				LD_RUNPATH_SEARCH_PATHS = (
					"$(inherited)",
					"@executable_path/../Frameworks",
				);
				MARKETING_VERSION = 1.0.1;
				PRODUCT_BUNDLE_IDENTIFIER = com.ks.SwiftAA;
				PRODUCT_NAME = "$(TARGET_NAME)";
				SWIFT_EMIT_LOC_STRINGS = YES;
				SWIFT_VERSION = 5.0;
			};
			name = Debug;
		};
		B65AE1CE2886F404006EC138 /* Release */ = {
			isa = XCBuildConfiguration;
			buildSettings = {
				ASSETCATALOG_COMPILER_APPICON_NAME = AppIcon;
				ASSETCATALOG_COMPILER_GLOBAL_ACCENT_COLOR_NAME = AccentColor;
				CODE_SIGN_ENTITLEMENTS = SwiftAA/SwiftAA.entitlements;
				CODE_SIGN_IDENTITY = "Apple Development";
				CODE_SIGN_STYLE = Automatic;
				COMBINE_HIDPI_IMAGES = YES;
				CURRENT_PROJECT_VERSION = 1.0.1;
				DEVELOPMENT_ASSET_PATHS = "\"SwiftAA/Resources/Preview Content\"";
				DEVELOPMENT_TEAM = D64G2TTYWM;
				ENABLE_HARDENED_RUNTIME = YES;
				ENABLE_PREVIEWS = YES;
				GENERATE_INFOPLIST_FILE = YES;
				INFOPLIST_FILE = SwiftAA/Info.plist;
				INFOPLIST_KEY_LSApplicationCategoryType = "public.app-category.utilities";
				INFOPLIST_KEY_NSHumanReadableCopyright = "© 2022 KIHRON, SLACKOW";
				LD_RUNPATH_SEARCH_PATHS = (
					"$(inherited)",
					"@executable_path/../Frameworks",
				);
				MARKETING_VERSION = 1.0.1;
				PRODUCT_BUNDLE_IDENTIFIER = com.ks.SwiftAA;
				PRODUCT_NAME = "$(TARGET_NAME)";
				SWIFT_EMIT_LOC_STRINGS = YES;
				SWIFT_VERSION = 5.0;
			};
			name = Release;
		};
/* End XCBuildConfiguration section */

/* Begin XCConfigurationList section */
		B65AE1B82886F401006EC138 /* Build configuration list for PBXProject "SwiftAA" */ = {
			isa = XCConfigurationList;
			buildConfigurations = (
				B65AE1CA2886F404006EC138 /* Debug */,
				B65AE1CB2886F404006EC138 /* Release */,
			);
			defaultConfigurationIsVisible = 0;
			defaultConfigurationName = Release;
		};
		B65AE1CC2886F404006EC138 /* Build configuration list for PBXNativeTarget "SwiftAA" */ = {
			isa = XCConfigurationList;
			buildConfigurations = (
				B65AE1CD2886F404006EC138 /* Debug */,
				B65AE1CE2886F404006EC138 /* Release */,
			);
			defaultConfigurationIsVisible = 0;
			defaultConfigurationName = Release;
		};
/* End XCConfigurationList section */

/* Begin XCRemoteSwiftPackageReference section */
		B66A07812887B93100DC0A2C /* XCRemoteSwiftPackageReference "SWXMLHash" */ = {
			isa = XCRemoteSwiftPackageReference;
			repositoryURL = "https://github.com/drmohundro/SWXMLHash.git";
			requirement = {
				kind = upToNextMajorVersion;
				minimumVersion = 7.0.0;
			};
		};
		B6DAEFAD28B1E15100C72D19 /* XCRemoteSwiftPackageReference "swiftui-cached-async-image" */ = {
			isa = XCRemoteSwiftPackageReference;
			repositoryURL = "https://github.com/lorenzofiamingo/swiftui-cached-async-image";
			requirement = {
				branch = main;
				kind = branch;
			};
		};
		B6DAEFB028B1E15F00C72D19 /* XCRemoteSwiftPackageReference "Sparkle" */ = {
			isa = XCRemoteSwiftPackageReference;
			repositoryURL = "https://github.com/sparkle-project/Sparkle";
			requirement = {
				branch = 2.x;
				kind = branch;
			};
		};
		B6DF1C2C28904F2900044F67 /* XCRemoteSwiftPackageReference "SWXMLHash" */ = {
			isa = XCRemoteSwiftPackageReference;
			repositoryURL = "https://github.com/drmohundro/SWXMLHash.git";
			requirement = {
				branch = main;
				kind = branch;
			};
		};
/* End XCRemoteSwiftPackageReference section */

/* Begin XCSwiftPackageProductDependency section */
		B6DAEFAE28B1E15100C72D19 /* CachedAsyncImage */ = {
			isa = XCSwiftPackageProductDependency;
			package = B6DAEFAD28B1E15100C72D19 /* XCRemoteSwiftPackageReference "swiftui-cached-async-image" */;
			productName = CachedAsyncImage;
		};
		B6DAEFB128B1E15F00C72D19 /* Sparkle */ = {
			isa = XCSwiftPackageProductDependency;
			package = B6DAEFB028B1E15F00C72D19 /* XCRemoteSwiftPackageReference "Sparkle" */;
			productName = Sparkle;
		};
		B6DF1C2D28904F2900044F67 /* SWXMLHash */ = {
			isa = XCSwiftPackageProductDependency;
			package = B6DF1C2C28904F2900044F67 /* XCRemoteSwiftPackageReference "SWXMLHash" */;
			productName = SWXMLHash;
		};
/* End XCSwiftPackageProductDependency section */
	};
	rootObject = B65AE1B52886F401006EC138 /* Project object */;
}
