// !$*UTF8*$!
{
	archiveVersion = 1;
	classes = {
	};
	objectVersion = 55;
	objects = {

/* Begin PBXBuildFile section */
		B64199ED288A71300064AF5B /* enchanted_golden_apple.gif in Resources */ = {isa = PBXBuildFile; fileRef = B64199EC288A71300064AF5B /* enchanted_golden_apple.gif */; };
		B64199EF288A72C10064AF5B /* summon_wither.gif in Resources */ = {isa = PBXBuildFile; fileRef = B64199EE288A72C10064AF5B /* summon_wither.gif */; };
		B64199F1288A73830064AF5B /* enchant_item.gif in Resources */ = {isa = PBXBuildFile; fileRef = B64199F0288A73830064AF5B /* enchant_item.gif */; };
		B64827282889C74B00B44855 /* QLImage.swift in Sources */ = {isa = PBXBuildFile; fileRef = B64827272889C74B00B44855 /* QLImage.swift */; };
		B648272A2889CB7200B44855 /* TrackingSettingsView.swift in Sources */ = {isa = PBXBuildFile; fileRef = B64827292889CB7100B44855 /* TrackingSettingsView.swift */; };
		B648272E2889CD8100B44855 /* Settings.swift in Sources */ = {isa = PBXBuildFile; fileRef = B648272D2889CD8100B44855 /* Settings.swift */; };
		B65AE1C12886F401006EC138 /* SwiftAAApp.swift in Sources */ = {isa = PBXBuildFile; fileRef = B65AE1C02886F401006EC138 /* SwiftAAApp.swift */; };
		B65AE1C32886F401006EC138 /* AdvGroupView.swift in Sources */ = {isa = PBXBuildFile; fileRef = B65AE1C22886F401006EC138 /* AdvGroupView.swift */; };
		B65AE1D12886F8C1006EC138 /* IndicatorView.swift in Sources */ = {isa = PBXBuildFile; fileRef = B65AE1D02886F8C1006EC138 /* IndicatorView.swift */; };
		B65AE1D42887032F006EC138 /* Advancement.swift in Sources */ = {isa = PBXBuildFile; fileRef = B65AE1D32887032F006EC138 /* Advancement.swift */; };
		B66A077028879ED900DC0A2C /* DataHandler.swift in Sources */ = {isa = PBXBuildFile; fileRef = B66A076F28879ED900DC0A2C /* DataHandler.swift */; };
		B66A07722887A2C900DC0A2C /* CriterionView.swift in Sources */ = {isa = PBXBuildFile; fileRef = B66A07712887A2C900DC0A2C /* CriterionView.swift */; };
		B66A07742887A32900DC0A2C /* Criterion.swift in Sources */ = {isa = PBXBuildFile; fileRef = B66A07732887A32900DC0A2C /* Criterion.swift */; };
		B66A077D2887B83400DC0A2C /* Preview Assets.xcassets in Resources */ = {isa = PBXBuildFile; fileRef = B65AE1C72886F404006EC138 /* Preview Assets.xcassets */; };
		B66A077E2887B83900DC0A2C /* Assets.xcassets in Resources */ = {isa = PBXBuildFile; fileRef = B65AE1C42886F404006EC138 /* Assets.xcassets */; };
		B66A077F2887B84000DC0A2C /* Minecraft.otf in Resources */ = {isa = PBXBuildFile; fileRef = B65AE1D6288709F4006EC138 /* Minecraft.otf */; };
		B66A07832887B93100DC0A2C /* SWXMLHash in Frameworks */ = {isa = PBXBuildFile; productRef = B66A07822887B93100DC0A2C /* SWXMLHash */; };
		B66A07852887B95A00DC0A2C /* adventure.xml in Resources */ = {isa = PBXBuildFile; fileRef = B66A07842887B95A00DC0A2C /* adventure.xml */; };
		B6A772E228888B3600436551 /* ProgressBarView.swift in Sources */ = {isa = PBXBuildFile; fileRef = B6A772E128888B3600436551 /* ProgressBarView.swift */; };
		B6A772E4288892BD00436551 /* GoalView.swift in Sources */ = {isa = PBXBuildFile; fileRef = B6A772E3288892BD00436551 /* GoalView.swift */; };
		B6A772E62888FBA600436551 /* ContentView.swift in Sources */ = {isa = PBXBuildFile; fileRef = B6A772E52888FBA600436551 /* ContentView.swift */; };
		B6A772E82888FCE100436551 /* PotionPanelView.swift in Sources */ = {isa = PBXBuildFile; fileRef = B6A772E72888FCE100436551 /* PotionPanelView.swift */; };
		B6A772ED2889053E00436551 /* end.xml in Resources */ = {isa = PBXBuildFile; fileRef = B6A772E92889053E00436551 /* end.xml */; };
		B6A772EE2889053E00436551 /* husbandry.xml in Resources */ = {isa = PBXBuildFile; fileRef = B6A772EA2889053E00436551 /* husbandry.xml */; };
		B6A772EF2889053E00436551 /* minecraft.xml in Resources */ = {isa = PBXBuildFile; fileRef = B6A772EB2889053E00436551 /* minecraft.xml */; };
		B6A772F02889053E00436551 /* nether.xml in Resources */ = {isa = PBXBuildFile; fileRef = B6A772EC2889053E00436551 /* nether.xml */; };
		B6A772F52889949A00436551 /* SettingsView.swift in Sources */ = {isa = PBXBuildFile; fileRef = B6A772F42889949A00436551 /* SettingsView.swift */; };
		B6A772F7288994DE00436551 /* ThemeSettingsView.swift in Sources */ = {isa = PBXBuildFile; fileRef = B6A772F6288994DE00436551 /* ThemeSettingsView.swift */; };
		B6A772FC2889998700436551 /* Statistics.swift in Sources */ = {isa = PBXBuildFile; fileRef = B6A772FB2889998700436551 /* Statistics.swift */; };
		B6A7730028899D3900436551 /* JsonAdvancement.swift in Sources */ = {isa = PBXBuildFile; fileRef = B6A772FF28899D3900436551 /* JsonAdvancement.swift */; };
/* End PBXBuildFile section */

/* Begin PBXFileReference section */
		B64199EC288A71300064AF5B /* enchanted_golden_apple.gif */ = {isa = PBXFileReference; lastKnownFileType = image.gif; path = enchanted_golden_apple.gif; sourceTree = "<group>"; };
		B64199EE288A72C10064AF5B /* summon_wither.gif */ = {isa = PBXFileReference; lastKnownFileType = image.gif; path = summon_wither.gif; sourceTree = "<group>"; };
		B64199F0288A73830064AF5B /* enchant_item.gif */ = {isa = PBXFileReference; lastKnownFileType = image.gif; path = enchant_item.gif; sourceTree = "<group>"; };
		B64827272889C74B00B44855 /* QLImage.swift */ = {isa = PBXFileReference; lastKnownFileType = sourcecode.swift; path = QLImage.swift; sourceTree = "<group>"; };
		B64827292889CB7100B44855 /* TrackingSettingsView.swift */ = {isa = PBXFileReference; lastKnownFileType = sourcecode.swift; path = TrackingSettingsView.swift; sourceTree = "<group>"; };
		B648272D2889CD8100B44855 /* Settings.swift */ = {isa = PBXFileReference; lastKnownFileType = sourcecode.swift; path = Settings.swift; sourceTree = "<group>"; };
		B65AE1BD2886F401006EC138 /* SwiftAA.app */ = {isa = PBXFileReference; explicitFileType = wrapper.application; includeInIndex = 0; path = SwiftAA.app; sourceTree = BUILT_PRODUCTS_DIR; };
		B65AE1C02886F401006EC138 /* SwiftAAApp.swift */ = {isa = PBXFileReference; lastKnownFileType = sourcecode.swift; path = SwiftAAApp.swift; sourceTree = "<group>"; };
		B65AE1C22886F401006EC138 /* AdvGroupView.swift */ = {isa = PBXFileReference; lastKnownFileType = sourcecode.swift; path = AdvGroupView.swift; sourceTree = "<group>"; };
		B65AE1C42886F404006EC138 /* Assets.xcassets */ = {isa = PBXFileReference; lastKnownFileType = folder.assetcatalog; path = Assets.xcassets; sourceTree = "<group>"; };
		B65AE1C72886F404006EC138 /* Preview Assets.xcassets */ = {isa = PBXFileReference; lastKnownFileType = folder.assetcatalog; path = "Preview Assets.xcassets"; sourceTree = "<group>"; };
		B65AE1C92886F404006EC138 /* SwiftAA.entitlements */ = {isa = PBXFileReference; lastKnownFileType = text.plist.entitlements; path = SwiftAA.entitlements; sourceTree = "<group>"; };
		B65AE1D02886F8C1006EC138 /* IndicatorView.swift */ = {isa = PBXFileReference; lastKnownFileType = sourcecode.swift; path = IndicatorView.swift; sourceTree = "<group>"; };
		B65AE1D32887032F006EC138 /* Advancement.swift */ = {isa = PBXFileReference; lastKnownFileType = sourcecode.swift; path = Advancement.swift; sourceTree = "<group>"; };
		B65AE1D6288709F4006EC138 /* Minecraft.otf */ = {isa = PBXFileReference; lastKnownFileType = file; path = Minecraft.otf; sourceTree = "<group>"; };
		B65AE1D828870B66006EC138 /* Info.plist */ = {isa = PBXFileReference; lastKnownFileType = text.plist; path = Info.plist; sourceTree = "<group>"; };
		B66A076F28879ED900DC0A2C /* DataHandler.swift */ = {isa = PBXFileReference; lastKnownFileType = sourcecode.swift; path = DataHandler.swift; sourceTree = "<group>"; };
		B66A07712887A2C900DC0A2C /* CriterionView.swift */ = {isa = PBXFileReference; lastKnownFileType = sourcecode.swift; path = CriterionView.swift; sourceTree = "<group>"; };
		B66A07732887A32900DC0A2C /* Criterion.swift */ = {isa = PBXFileReference; lastKnownFileType = sourcecode.swift; path = Criterion.swift; sourceTree = "<group>"; };
		B66A07842887B95A00DC0A2C /* adventure.xml */ = {isa = PBXFileReference; fileEncoding = 4; lastKnownFileType = text.xml; path = adventure.xml; sourceTree = "<group>"; };
		B6A772E128888B3600436551 /* ProgressBarView.swift */ = {isa = PBXFileReference; lastKnownFileType = sourcecode.swift; path = ProgressBarView.swift; sourceTree = "<group>"; };
		B6A772E3288892BD00436551 /* GoalView.swift */ = {isa = PBXFileReference; lastKnownFileType = sourcecode.swift; path = GoalView.swift; sourceTree = "<group>"; };
		B6A772E52888FBA600436551 /* ContentView.swift */ = {isa = PBXFileReference; lastKnownFileType = sourcecode.swift; path = ContentView.swift; sourceTree = "<group>"; };
		B6A772E72888FCE100436551 /* PotionPanelView.swift */ = {isa = PBXFileReference; lastKnownFileType = sourcecode.swift; path = PotionPanelView.swift; sourceTree = "<group>"; };
		B6A772E92889053E00436551 /* end.xml */ = {isa = PBXFileReference; fileEncoding = 4; lastKnownFileType = text.xml; path = end.xml; sourceTree = "<group>"; };
		B6A772EA2889053E00436551 /* husbandry.xml */ = {isa = PBXFileReference; fileEncoding = 4; lastKnownFileType = text.xml; path = husbandry.xml; sourceTree = "<group>"; };
		B6A772EB2889053E00436551 /* minecraft.xml */ = {isa = PBXFileReference; fileEncoding = 4; lastKnownFileType = text.xml; path = minecraft.xml; sourceTree = "<group>"; };
		B6A772EC2889053E00436551 /* nether.xml */ = {isa = PBXFileReference; fileEncoding = 4; lastKnownFileType = text.xml; path = nether.xml; sourceTree = "<group>"; };
		B6A772F42889949A00436551 /* SettingsView.swift */ = {isa = PBXFileReference; lastKnownFileType = sourcecode.swift; path = SettingsView.swift; sourceTree = "<group>"; };
		B6A772F6288994DE00436551 /* ThemeSettingsView.swift */ = {isa = PBXFileReference; lastKnownFileType = sourcecode.swift; path = ThemeSettingsView.swift; sourceTree = "<group>"; };
		B6A772FB2889998700436551 /* Statistics.swift */ = {isa = PBXFileReference; lastKnownFileType = sourcecode.swift; path = Statistics.swift; sourceTree = "<group>"; };
		B6A772FF28899D3900436551 /* JsonAdvancement.swift */ = {isa = PBXFileReference; lastKnownFileType = sourcecode.swift; path = JsonAdvancement.swift; sourceTree = "<group>"; };
/* End PBXFileReference section */

/* Begin PBXFrameworksBuildPhase section */
		B65AE1BA2886F401006EC138 /* Frameworks */ = {
			isa = PBXFrameworksBuildPhase;
			buildActionMask = 2147483647;
			files = (
				B66A07832887B93100DC0A2C /* SWXMLHash in Frameworks */,
			);
			runOnlyForDeploymentPostprocessing = 0;
		};
/* End PBXFrameworksBuildPhase section */

/* Begin PBXGroup section */
		B648272B2889CD6F00B44855 /* Settings */ = {
			isa = PBXGroup;
			children = (
				B648272D2889CD8100B44855 /* Settings.swift */,
			);
			path = Settings;
			sourceTree = "<group>";
		};
		B65AE1B42886F401006EC138 = {
			isa = PBXGroup;
			children = (
				B65AE1BF2886F401006EC138 /* SwiftAA */,
				B65AE1BE2886F401006EC138 /* Products */,
			);
			sourceTree = "<group>";
		};
		B65AE1BE2886F401006EC138 /* Products */ = {
			isa = PBXGroup;
			children = (
				B65AE1BD2886F401006EC138 /* SwiftAA.app */,
			);
			name = Products;
			sourceTree = "<group>";
		};
		B65AE1BF2886F401006EC138 /* SwiftAA */ = {
			isa = PBXGroup;
			children = (
				B65AE1D828870B66006EC138 /* Info.plist */,
				B65AE1D2288702C6006EC138 /* Views */,
				B65AE1CF2886F88C006EC138 /* Data */,
				B65AE1C02886F401006EC138 /* SwiftAAApp.swift */,
				B6A772E52888FBA600436551 /* ContentView.swift */,
				B66A07752887B2A800DC0A2C /* Resources */,
				B65AE1D5288709E5006EC138 /* Font */,
				B65AE1C42886F404006EC138 /* Assets.xcassets */,
				B65AE1C92886F404006EC138 /* SwiftAA.entitlements */,
				B65AE1C62886F404006EC138 /* Preview Content */,
			);
			path = SwiftAA;
			sourceTree = "<group>";
		};
		B65AE1C62886F404006EC138 /* Preview Content */ = {
			isa = PBXGroup;
			children = (
				B65AE1C72886F404006EC138 /* Preview Assets.xcassets */,
			);
			path = "Preview Content";
			sourceTree = "<group>";
		};
		B65AE1CF2886F88C006EC138 /* Data */ = {
			isa = PBXGroup;
			children = (
				B648272B2889CD6F00B44855 /* Settings */,
				B6A772FE28899D2200436551 /* Json */,
				B65AE1D32887032F006EC138 /* Advancement.swift */,
				B66A076F28879ED900DC0A2C /* DataHandler.swift */,
				B66A07732887A32900DC0A2C /* Criterion.swift */,
				B6A772FB2889998700436551 /* Statistics.swift */,
			);
			path = Data;
			sourceTree = "<group>";
		};
		B65AE1D2288702C6006EC138 /* Views */ = {
			isa = PBXGroup;
			children = (
				B6A772F22889947700436551 /* Settings */,
				B6A772F12889945F00436551 /* Components */,
			);
			path = Views;
			sourceTree = "<group>";
		};
		B65AE1D5288709E5006EC138 /* Font */ = {
			isa = PBXGroup;
			children = (
				B65AE1D6288709F4006EC138 /* Minecraft.otf */,
			);
			path = Font;
			sourceTree = "<group>";
		};
		B66A07752887B2A800DC0A2C /* Resources */ = {
			isa = PBXGroup;
			children = (
				B6A773042889BA3900436551 /* Gifs */,
				B66A07842887B95A00DC0A2C /* adventure.xml */,
				B6A772E92889053E00436551 /* end.xml */,
				B6A772EA2889053E00436551 /* husbandry.xml */,
				B6A772EB2889053E00436551 /* minecraft.xml */,
				B6A772EC2889053E00436551 /* nether.xml */,
			);
			path = Resources;
			sourceTree = "<group>";
		};
		B6A772F12889945F00436551 /* Components */ = {
			isa = PBXGroup;
			children = (
				B6A773112889BE4800436551 /* Gifs */,
				B65AE1D02886F8C1006EC138 /* IndicatorView.swift */,
				B65AE1C22886F401006EC138 /* AdvGroupView.swift */,
				B66A07712887A2C900DC0A2C /* CriterionView.swift */,
				B6A772E128888B3600436551 /* ProgressBarView.swift */,
				B6A772E3288892BD00436551 /* GoalView.swift */,
				B6A772E72888FCE100436551 /* PotionPanelView.swift */,
			);
			path = Components;
			sourceTree = "<group>";
		};
		B6A772F22889947700436551 /* Settings */ = {
			isa = PBXGroup;
			children = (
				B6A772F42889949A00436551 /* SettingsView.swift */,
				B6A772F6288994DE00436551 /* ThemeSettingsView.swift */,
				B64827292889CB7100B44855 /* TrackingSettingsView.swift */,
			);
			path = Settings;
			sourceTree = "<group>";
		};
		B6A772FE28899D2200436551 /* Json */ = {
			isa = PBXGroup;
			children = (
				B6A772FF28899D3900436551 /* JsonAdvancement.swift */,
			);
			path = Json;
			sourceTree = "<group>";
		};
		B6A773042889BA3900436551 /* Gifs */ = {
			isa = PBXGroup;
			children = (
				B64199EC288A71300064AF5B /* enchanted_golden_apple.gif */,
				B64199F0288A73830064AF5B /* enchant_item.gif */,
				B64199EE288A72C10064AF5B /* summon_wither.gif */,
			);
			path = Gifs;
			sourceTree = "<group>";
		};
		B6A773112889BE4800436551 /* Gifs */ = {
			isa = PBXGroup;
			children = (
				B64827272889C74B00B44855 /* QLImage.swift */,
			);
			path = Gifs;
			sourceTree = "<group>";
		};
/* End PBXGroup section */

/* Begin PBXNativeTarget section */
		B65AE1BC2886F401006EC138 /* SwiftAA */ = {
			isa = PBXNativeTarget;
			buildConfigurationList = B65AE1CC2886F404006EC138 /* Build configuration list for PBXNativeTarget "SwiftAA" */;
			buildPhases = (
				B65AE1B92886F401006EC138 /* Sources */,
				B65AE1BA2886F401006EC138 /* Frameworks */,
				B66A07782887B7D400DC0A2C /* Resources */,
			);
			buildRules = (
			);
			dependencies = (
			);
			name = SwiftAA;
			packageProductDependencies = (
				B66A07822887B93100DC0A2C /* SWXMLHash */,
			);
			productName = SwiftAA;
			productReference = B65AE1BD2886F401006EC138 /* SwiftAA.app */;
			productType = "com.apple.product-type.application";
		};
/* End PBXNativeTarget section */

/* Begin PBXProject section */
		B65AE1B52886F401006EC138 /* Project object */ = {
			isa = PBXProject;
			attributes = {
				BuildIndependentTargetsInParallel = 1;
				LastSwiftUpdateCheck = 1340;
				LastUpgradeCheck = 1340;
				TargetAttributes = {
					B65AE1BC2886F401006EC138 = {
						CreatedOnToolsVersion = 13.4.1;
					};
				};
			};
			buildConfigurationList = B65AE1B82886F401006EC138 /* Build configuration list for PBXProject "SwiftAA" */;
			compatibilityVersion = "Xcode 13.0";
			developmentRegion = en;
			hasScannedForEncodings = 0;
			knownRegions = (
				en,
				Base,
			);
			mainGroup = B65AE1B42886F401006EC138;
			packageReferences = (
				B66A07812887B93100DC0A2C /* XCRemoteSwiftPackageReference "SWXMLHash" */,
			);
			productRefGroup = B65AE1BE2886F401006EC138 /* Products */;
			projectDirPath = "";
			projectRoot = "";
			targets = (
				B65AE1BC2886F401006EC138 /* SwiftAA */,
			);
		};
/* End PBXProject section */

/* Begin PBXResourcesBuildPhase section */
		B66A07782887B7D400DC0A2C /* Resources */ = {
			isa = PBXResourcesBuildPhase;
			buildActionMask = 2147483647;
			files = (
				B6A772EF2889053E00436551 /* minecraft.xml in Resources */,
				B66A077F2887B84000DC0A2C /* Minecraft.otf in Resources */,
				B64199EF288A72C10064AF5B /* summon_wither.gif in Resources */,
				B66A077E2887B83900DC0A2C /* Assets.xcassets in Resources */,
				B64199ED288A71300064AF5B /* enchanted_golden_apple.gif in Resources */,
				B6A772ED2889053E00436551 /* end.xml in Resources */,
				B66A07852887B95A00DC0A2C /* adventure.xml in Resources */,
				B64199F1288A73830064AF5B /* enchant_item.gif in Resources */,
				B6A772EE2889053E00436551 /* husbandry.xml in Resources */,
				B66A077D2887B83400DC0A2C /* Preview Assets.xcassets in Resources */,
				B6A772F02889053E00436551 /* nether.xml in Resources */,
			);
			runOnlyForDeploymentPostprocessing = 0;
		};
/* End PBXResourcesBuildPhase section */

/* Begin PBXSourcesBuildPhase section */
		B65AE1B92886F401006EC138 /* Sources */ = {
			isa = PBXSourcesBuildPhase;
			buildActionMask = 2147483647;
			files = (
				B6A772FC2889998700436551 /* Statistics.swift in Sources */,
				B66A07742887A32900DC0A2C /* Criterion.swift in Sources */,
				B65AE1C32886F401006EC138 /* AdvGroupView.swift in Sources */,
				B6A772F7288994DE00436551 /* ThemeSettingsView.swift in Sources */,
				B65AE1C12886F401006EC138 /* SwiftAAApp.swift in Sources */,
				B65AE1D42887032F006EC138 /* Advancement.swift in Sources */,
				B648272E2889CD8100B44855 /* Settings.swift in Sources */,
				B65AE1D12886F8C1006EC138 /* IndicatorView.swift in Sources */,
				B648272A2889CB7200B44855 /* TrackingSettingsView.swift in Sources */,
				B6A772E228888B3600436551 /* ProgressBarView.swift in Sources */,
				B64827282889C74B00B44855 /* QLImage.swift in Sources */,
				B6A772E62888FBA600436551 /* ContentView.swift in Sources */,
				B66A07722887A2C900DC0A2C /* CriterionView.swift in Sources */,
				B6A772E4288892BD00436551 /* GoalView.swift in Sources */,
				B6A772F52889949A00436551 /* SettingsView.swift in Sources */,
				B6A772E82888FCE100436551 /* PotionPanelView.swift in Sources */,
				B66A077028879ED900DC0A2C /* DataHandler.swift in Sources */,
				B6A7730028899D3900436551 /* JsonAdvancement.swift in Sources */,
			);
			runOnlyForDeploymentPostprocessing = 0;
		};
/* End PBXSourcesBuildPhase section */

/* Begin XCBuildConfiguration section */
		B65AE1CA2886F404006EC138 /* Debug */ = {
			isa = XCBuildConfiguration;
			buildSettings = {
				ALWAYS_SEARCH_USER_PATHS = NO;
				CLANG_ANALYZER_NONNULL = YES;
				CLANG_ANALYZER_NUMBER_OBJECT_CONVERSION = YES_AGGRESSIVE;
				CLANG_CXX_LANGUAGE_STANDARD = "gnu++17";
				CLANG_ENABLE_MODULES = YES;
				CLANG_ENABLE_OBJC_ARC = YES;
				CLANG_ENABLE_OBJC_WEAK = YES;
				CLANG_WARN_BLOCK_CAPTURE_AUTORELEASING = YES;
				CLANG_WARN_BOOL_CONVERSION = YES;
				CLANG_WARN_COMMA = YES;
				CLANG_WARN_CONSTANT_CONVERSION = YES;
				CLANG_WARN_DEPRECATED_OBJC_IMPLEMENTATIONS = YES;
				CLANG_WARN_DIRECT_OBJC_ISA_USAGE = YES_ERROR;
				CLANG_WARN_DOCUMENTATION_COMMENTS = YES;
				CLANG_WARN_EMPTY_BODY = YES;
				CLANG_WARN_ENUM_CONVERSION = YES;
				CLANG_WARN_INFINITE_RECURSION = YES;
				CLANG_WARN_INT_CONVERSION = YES;
				CLANG_WARN_NON_LITERAL_NULL_CONVERSION = YES;
				CLANG_WARN_OBJC_IMPLICIT_RETAIN_SELF = YES;
				CLANG_WARN_OBJC_LITERAL_CONVERSION = YES;
				CLANG_WARN_OBJC_ROOT_CLASS = YES_ERROR;
				CLANG_WARN_QUOTED_INCLUDE_IN_FRAMEWORK_HEADER = YES;
				CLANG_WARN_RANGE_LOOP_ANALYSIS = YES;
				CLANG_WARN_STRICT_PROTOTYPES = YES;
				CLANG_WARN_SUSPICIOUS_MOVE = YES;
				CLANG_WARN_UNGUARDED_AVAILABILITY = YES_AGGRESSIVE;
				CLANG_WARN_UNREACHABLE_CODE = YES;
				CLANG_WARN__DUPLICATE_METHOD_MATCH = YES;
				COPY_PHASE_STRIP = NO;
				DEBUG_INFORMATION_FORMAT = dwarf;
				ENABLE_STRICT_OBJC_MSGSEND = YES;
				ENABLE_TESTABILITY = YES;
				GCC_C_LANGUAGE_STANDARD = gnu11;
				GCC_DYNAMIC_NO_PIC = NO;
				GCC_NO_COMMON_BLOCKS = YES;
				GCC_OPTIMIZATION_LEVEL = 0;
				GCC_PREPROCESSOR_DEFINITIONS = (
					"DEBUG=1",
					"$(inherited)",
				);
				GCC_WARN_64_TO_32_BIT_CONVERSION = YES;
				GCC_WARN_ABOUT_RETURN_TYPE = YES_ERROR;
				GCC_WARN_UNDECLARED_SELECTOR = YES;
				GCC_WARN_UNINITIALIZED_AUTOS = YES_AGGRESSIVE;
				GCC_WARN_UNUSED_FUNCTION = YES;
				GCC_WARN_UNUSED_VARIABLE = YES;
				MACOSX_DEPLOYMENT_TARGET = 12.3;
				MTL_ENABLE_DEBUG_INFO = INCLUDE_SOURCE;
				MTL_FAST_MATH = YES;
				ONLY_ACTIVE_ARCH = YES;
				SDKROOT = macosx;
				SWIFT_ACTIVE_COMPILATION_CONDITIONS = DEBUG;
				SWIFT_OPTIMIZATION_LEVEL = "-Onone";
			};
			name = Debug;
		};
		B65AE1CB2886F404006EC138 /* Release */ = {
			isa = XCBuildConfiguration;
			buildSettings = {
				ALWAYS_SEARCH_USER_PATHS = NO;
				CLANG_ANALYZER_NONNULL = YES;
				CLANG_ANALYZER_NUMBER_OBJECT_CONVERSION = YES_AGGRESSIVE;
				CLANG_CXX_LANGUAGE_STANDARD = "gnu++17";
				CLANG_ENABLE_MODULES = YES;
				CLANG_ENABLE_OBJC_ARC = YES;
				CLANG_ENABLE_OBJC_WEAK = YES;
				CLANG_WARN_BLOCK_CAPTURE_AUTORELEASING = YES;
				CLANG_WARN_BOOL_CONVERSION = YES;
				CLANG_WARN_COMMA = YES;
				CLANG_WARN_CONSTANT_CONVERSION = YES;
				CLANG_WARN_DEPRECATED_OBJC_IMPLEMENTATIONS = YES;
				CLANG_WARN_DIRECT_OBJC_ISA_USAGE = YES_ERROR;
				CLANG_WARN_DOCUMENTATION_COMMENTS = YES;
				CLANG_WARN_EMPTY_BODY = YES;
				CLANG_WARN_ENUM_CONVERSION = YES;
				CLANG_WARN_INFINITE_RECURSION = YES;
				CLANG_WARN_INT_CONVERSION = YES;
				CLANG_WARN_NON_LITERAL_NULL_CONVERSION = YES;
				CLANG_WARN_OBJC_IMPLICIT_RETAIN_SELF = YES;
				CLANG_WARN_OBJC_LITERAL_CONVERSION = YES;
				CLANG_WARN_OBJC_ROOT_CLASS = YES_ERROR;
				CLANG_WARN_QUOTED_INCLUDE_IN_FRAMEWORK_HEADER = YES;
				CLANG_WARN_RANGE_LOOP_ANALYSIS = YES;
				CLANG_WARN_STRICT_PROTOTYPES = YES;
				CLANG_WARN_SUSPICIOUS_MOVE = YES;
				CLANG_WARN_UNGUARDED_AVAILABILITY = YES_AGGRESSIVE;
				CLANG_WARN_UNREACHABLE_CODE = YES;
				CLANG_WARN__DUPLICATE_METHOD_MATCH = YES;
				COPY_PHASE_STRIP = NO;
				DEBUG_INFORMATION_FORMAT = "dwarf-with-dsym";
				ENABLE_NS_ASSERTIONS = NO;
				ENABLE_STRICT_OBJC_MSGSEND = YES;
				GCC_C_LANGUAGE_STANDARD = gnu11;
				GCC_NO_COMMON_BLOCKS = YES;
				GCC_WARN_64_TO_32_BIT_CONVERSION = YES;
				GCC_WARN_ABOUT_RETURN_TYPE = YES_ERROR;
				GCC_WARN_UNDECLARED_SELECTOR = YES;
				GCC_WARN_UNINITIALIZED_AUTOS = YES_AGGRESSIVE;
				GCC_WARN_UNUSED_FUNCTION = YES;
				GCC_WARN_UNUSED_VARIABLE = YES;
				MACOSX_DEPLOYMENT_TARGET = 12.3;
				MTL_ENABLE_DEBUG_INFO = NO;
				MTL_FAST_MATH = YES;
				SDKROOT = macosx;
				SWIFT_COMPILATION_MODE = wholemodule;
				SWIFT_OPTIMIZATION_LEVEL = "-O";
			};
			name = Release;
		};
		B65AE1CD2886F404006EC138 /* Debug */ = {
			isa = XCBuildConfiguration;
			buildSettings = {
				ASSETCATALOG_COMPILER_APPICON_NAME = AppIcon;
				ASSETCATALOG_COMPILER_GLOBAL_ACCENT_COLOR_NAME = AccentColor;
				CODE_SIGN_ENTITLEMENTS = SwiftAA/SwiftAA.entitlements;
				CODE_SIGN_STYLE = Automatic;
				COMBINE_HIDPI_IMAGES = YES;
				CURRENT_PROJECT_VERSION = 1;
				DEVELOPMENT_ASSET_PATHS = "\"SwiftAA/Preview Content\"";
				DEVELOPMENT_TEAM = D64G2TTYWM;
				ENABLE_HARDENED_RUNTIME = YES;
				ENABLE_PREVIEWS = YES;
				GENERATE_INFOPLIST_FILE = YES;
				INFOPLIST_FILE = SwiftAA/Info.plist;
				INFOPLIST_KEY_NSHumanReadableCopyright = "";
				LD_RUNPATH_SEARCH_PATHS = (
					"$(inherited)",
					"@executable_path/../Frameworks",
				);
				MARKETING_VERSION = 1.0;
				PRODUCT_BUNDLE_IDENTIFIER = com.ks.SwiftAA;
				PRODUCT_NAME = "$(TARGET_NAME)";
				SWIFT_EMIT_LOC_STRINGS = YES;
				SWIFT_VERSION = 5.0;
			};
			name = Debug;
		};
		B65AE1CE2886F404006EC138 /* Release */ = {
			isa = XCBuildConfiguration;
			buildSettings = {
				ASSETCATALOG_COMPILER_APPICON_NAME = AppIcon;
				ASSETCATALOG_COMPILER_GLOBAL_ACCENT_COLOR_NAME = AccentColor;
				CODE_SIGN_ENTITLEMENTS = SwiftAA/SwiftAA.entitlements;
				CODE_SIGN_STYLE = Automatic;
				COMBINE_HIDPI_IMAGES = YES;
				CURRENT_PROJECT_VERSION = 1;
				DEVELOPMENT_ASSET_PATHS = "\"SwiftAA/Preview Content\"";
				DEVELOPMENT_TEAM = D64G2TTYWM;
				ENABLE_HARDENED_RUNTIME = YES;
				ENABLE_PREVIEWS = YES;
				GENERATE_INFOPLIST_FILE = YES;
				INFOPLIST_FILE = SwiftAA/Info.plist;
				INFOPLIST_KEY_NSHumanReadableCopyright = "";
				LD_RUNPATH_SEARCH_PATHS = (
					"$(inherited)",
					"@executable_path/../Frameworks",
				);
				MARKETING_VERSION = 1.0;
				PRODUCT_BUNDLE_IDENTIFIER = com.ks.SwiftAA;
				PRODUCT_NAME = "$(TARGET_NAME)";
				SWIFT_EMIT_LOC_STRINGS = YES;
				SWIFT_VERSION = 5.0;
			};
			name = Release;
		};
/* End XCBuildConfiguration section */

/* Begin XCConfigurationList section */
		B65AE1B82886F401006EC138 /* Build configuration list for PBXProject "SwiftAA" */ = {
			isa = XCConfigurationList;
			buildConfigurations = (
				B65AE1CA2886F404006EC138 /* Debug */,
				B65AE1CB2886F404006EC138 /* Release */,
			);
			defaultConfigurationIsVisible = 0;
			defaultConfigurationName = Release;
		};
		B65AE1CC2886F404006EC138 /* Build configuration list for PBXNativeTarget "SwiftAA" */ = {
			isa = XCConfigurationList;
			buildConfigurations = (
				B65AE1CD2886F404006EC138 /* Debug */,
				B65AE1CE2886F404006EC138 /* Release */,
			);
			defaultConfigurationIsVisible = 0;
			defaultConfigurationName = Release;
		};
/* End XCConfigurationList section */

/* Begin XCRemoteSwiftPackageReference section */
		B66A07812887B93100DC0A2C /* XCRemoteSwiftPackageReference "SWXMLHash" */ = {
			isa = XCRemoteSwiftPackageReference;
			repositoryURL = "https://github.com/drmohundro/SWXMLHash.git";
			requirement = {
				kind = upToNextMajorVersion;
				minimumVersion = 7.0.0;
			};
		};
/* End XCRemoteSwiftPackageReference section */

/* Begin XCSwiftPackageProductDependency section */
		B66A07822887B93100DC0A2C /* SWXMLHash */ = {
			isa = XCSwiftPackageProductDependency;
			package = B66A07812887B93100DC0A2C /* XCRemoteSwiftPackageReference "SWXMLHash" */;
			productName = SWXMLHash;
		};
/* End XCSwiftPackageProductDependency section */
	};
	rootObject = B65AE1B52886F401006EC138 /* Project object */;
}
