{
  "pins" : [
    {
      "identity" : "sparkle",
      "kind" : "remoteSourceControl",
      "location" : "https://github.com/sparkle-project/Sparkle",
      "state" : {
        "revision" : "059ce9128775d5a636c7f4716f71a58919d3111e",
        "version" : "2.2.1"
      }
    },
    {
      "identity" : "swiftui-cached-async-image",
      "kind" : "remoteSourceControl",
      "location" : "https://github.com/lorenzofiamingo/swiftui-cached-async-image",
      "state" : {
        "branch" : "main",
        "revision" : "f94be38411297c71aa8df69c6875127e6d8d7a92"
      }
    },
    {
      "identity" : "swxmlhash",
      "kind" : "remoteSourceControl",
      "location" : "https://github.com/drmohundro/SWXMLHash.git",
      "state" : {
        "branch" : "main",
        "revision" : "eacfa68203c7595f7988e36a037a0decfc74dc33"
      }
    }
  ],
  "version" : 2
}
